// !$*UTF8*$!
{
	archiveVersion = 1;
	classes = {
	};
	objectVersion = 46;
	objects = {

/* Begin PBXBuildFile section */
		C3A22C2B1AE78B7A000ECCBC /* main.m in Sources */ = {isa = PBXBuildFile; fileRef = C3A22C2A1AE78B7A000ECCBC /* main.m */; };
		C3A22C2E1AE78B7A000ECCBC /* AppDelegate.m in Sources */ = {isa = PBXBuildFile; fileRef = C3A22C2D1AE78B7A000ECCBC /* AppDelegate.m */; };
		C3A22C311AE78B7A000ECCBC /* ViewController.m in Sources */ = {isa = PBXBuildFile; fileRef = C3A22C301AE78B7A000ECCBC /* ViewController.m */; };
		C3A22C341AE78B7A000ECCBC /* Main.storyboard in Resources */ = {isa = PBXBuildFile; fileRef = C3A22C321AE78B7A000ECCBC /* Main.storyboard */; };
		C3A22C361AE78B7A000ECCBC /* Images.xcassets in Resources */ = {isa = PBXBuildFile; fileRef = C3A22C351AE78B7A000ECCBC /* Images.xcassets */; };
		C3A22C391AE78B7A000ECCBC /* LaunchScreen.xib in Resources */ = {isa = PBXBuildFile; fileRef = C3A22C371AE78B7A000ECCBC /* LaunchScreen.xib */; };
		C3A22C451AE78B7A000ECCBC /* LoadingAnimationTestTests.m in Sources */ = {isa = PBXBuildFile; fileRef = C3A22C441AE78B7A000ECCBC /* LoadingAnimationTestTests.m */; };
		C3A22C501AE78C87000ECCBC /* SpinerView.m in Sources */ = {isa = PBXBuildFile; fileRef = C3A22C4F1AE78C87000ECCBC /* SpinerView.m */; };
		C3A22C531AE88C9E000ECCBC /* CTSRefreshHeaderView.m in Sources */ = {isa = PBXBuildFile; fileRef = C3A22C521AE88C9E000ECCBC /* CTSRefreshHeaderView.m */; };
		C3A22C561AE88CB1000ECCBC /* DotView.m in Sources */ = {isa = PBXBuildFile; fileRef = C3A22C551AE88CB1000ECCBC /* DotView.m */; };
		C3A22C591AE8BFB0000ECCBC /* DRAnimationBlockDelegate.m in Sources */ = {isa = PBXBuildFile; fileRef = C3A22C581AE8BFB0000ECCBC /* DRAnimationBlockDelegate.m */; };
		C3C0CF551AE9E796006BCA1A /* CTSRefreshFooterView.m in Sources */ = {isa = PBXBuildFile; fileRef = C3C0CF541AE9E796006BCA1A /* CTSRefreshFooterView.m */; };
		C3C0CF581AEA104C006BCA1A /* CTSRefreshWebView.m in Sources */ = {isa = PBXBuildFile; fileRef = C3C0CF571AEA104C006BCA1A /* CTSRefreshWebView.m */; };
/* End PBXBuildFile section */

/* Begin PBXContainerItemProxy section */
		C3A22C3F1AE78B7A000ECCBC /* PBXContainerItemProxy */ = {
			isa = PBXContainerItemProxy;
			containerPortal = C3A22C1D1AE78B7A000ECCBC /* Project object */;
			proxyType = 1;
			remoteGlobalIDString = C3A22C241AE78B7A000ECCBC;
			remoteInfo = LoadingAnimationTest;
		};
/* End PBXContainerItemProxy section */

/* Begin PBXFileReference section */
		C3A22C251AE78B7A000ECCBC /* LoadingAnimationTest.app */ = {isa = PBXFileReference; explicitFileType = wrapper.application; includeInIndex = 0; path = LoadingAnimationTest.app; sourceTree = BUILT_PRODUCTS_DIR; };
		C3A22C291AE78B7A000ECCBC /* Info.plist */ = {isa = PBXFileReference; lastKnownFileType = text.plist.xml; path = Info.plist; sourceTree = "<group>"; };
		C3A22C2A1AE78B7A000ECCBC /* main.m */ = {isa = PBXFileReference; lastKnownFileType = sourcecode.c.objc; path = main.m; sourceTree = "<group>"; };
		C3A22C2C1AE78B7A000ECCBC /* AppDelegate.h */ = {isa = PBXFileReference; lastKnownFileType = sourcecode.c.h; path = AppDelegate.h; sourceTree = "<group>"; };
		C3A22C2D1AE78B7A000ECCBC /* AppDelegate.m */ = {isa = PBXFileReference; lastKnownFileType = sourcecode.c.objc; path = AppDelegate.m; sourceTree = "<group>"; };
		C3A22C2F1AE78B7A000ECCBC /* ViewController.h */ = {isa = PBXFileReference; lastKnownFileType = sourcecode.c.h; path = ViewController.h; sourceTree = "<group>"; };
		C3A22C301AE78B7A000ECCBC /* ViewController.m */ = {isa = PBXFileReference; lastKnownFileType = sourcecode.c.objc; path = ViewController.m; sourceTree = "<group>"; };
		C3A22C331AE78B7A000ECCBC /* Base */ = {isa = PBXFileReference; lastKnownFileType = file.storyboard; name = Base; path = Base.lproj/Main.storyboard; sourceTree = "<group>"; };
		C3A22C351AE78B7A000ECCBC /* Images.xcassets */ = {isa = PBXFileReference; lastKnownFileType = folder.assetcatalog; path = Images.xcassets; sourceTree = "<group>"; };
		C3A22C381AE78B7A000ECCBC /* Base */ = {isa = PBXFileReference; lastKnownFileType = file.xib; name = Base; path = Base.lproj/LaunchScreen.xib; sourceTree = "<group>"; };
		C3A22C3E1AE78B7A000ECCBC /* LoadingAnimationTestTests.xctest */ = {isa = PBXFileReference; explicitFileType = wrapper.cfbundle; includeInIndex = 0; path = LoadingAnimationTestTests.xctest; sourceTree = BUILT_PRODUCTS_DIR; };
		C3A22C431AE78B7A000ECCBC /* Info.plist */ = {isa = PBXFileReference; lastKnownFileType = text.plist.xml; path = Info.plist; sourceTree = "<group>"; };
		C3A22C441AE78B7A000ECCBC /* LoadingAnimationTestTests.m */ = {isa = PBXFileReference; lastKnownFileType = sourcecode.c.objc; path = LoadingAnimationTestTests.m; sourceTree = "<group>"; };
		C3A22C4E1AE78C87000ECCBC /* SpinerView.h */ = {isa = PBXFileReference; fileEncoding = 4; lastKnownFileType = sourcecode.c.h; path = SpinerView.h; sourceTree = "<group>"; };
		C3A22C4F1AE78C87000ECCBC /* SpinerView.m */ = {isa = PBXFileReference; fileEncoding = 4; lastKnownFileType = sourcecode.c.objc; path = SpinerView.m; sourceTree = "<group>"; };
		C3A22C511AE88C9E000ECCBC /* CTSRefreshHeaderView.h */ = {isa = PBXFileReference; fileEncoding = 4; lastKnownFileType = sourcecode.c.h; path = CTSRefreshHeaderView.h; sourceTree = "<group>"; };
		C3A22C521AE88C9E000ECCBC /* CTSRefreshHeaderView.m */ = {isa = PBXFileReference; fileEncoding = 4; lastKnownFileType = sourcecode.c.objc; path = CTSRefreshHeaderView.m; sourceTree = "<group>"; };
		C3A22C541AE88CB1000ECCBC /* DotView.h */ = {isa = PBXFileReference; fileEncoding = 4; lastKnownFileType = sourcecode.c.h; path = DotView.h; sourceTree = "<group>"; };
		C3A22C551AE88CB1000ECCBC /* DotView.m */ = {isa = PBXFileReference; fileEncoding = 4; lastKnownFileType = sourcecode.c.objc; path = DotView.m; sourceTree = "<group>"; };
		C3A22C571AE8BFB0000ECCBC /* DRAnimationBlockDelegate.h */ = {isa = PBXFileReference; fileEncoding = 4; lastKnownFileType = sourcecode.c.h; path = DRAnimationBlockDelegate.h; sourceTree = "<group>"; };
		C3A22C581AE8BFB0000ECCBC /* DRAnimationBlockDelegate.m */ = {isa = PBXFileReference; fileEncoding = 4; lastKnownFileType = sourcecode.c.objc; path = DRAnimationBlockDelegate.m; sourceTree = "<group>"; };
		C3C0CF531AE9E796006BCA1A /* CTSRefreshFooterView.h */ = {isa = PBXFileReference; fileEncoding = 4; lastKnownFileType = sourcecode.c.h; path = CTSRefreshFooterView.h; sourceTree = "<group>"; };
		C3C0CF541AE9E796006BCA1A /* CTSRefreshFooterView.m */ = {isa = PBXFileReference; fileEncoding = 4; lastKnownFileType = sourcecode.c.objc; path = CTSRefreshFooterView.m; sourceTree = "<group>"; };
		C3C0CF561AEA104C006BCA1A /* CTSRefreshWebView.h */ = {isa = PBXFileReference; fileEncoding = 4; lastKnownFileType = sourcecode.c.h; path = CTSRefreshWebView.h; sourceTree = "<group>"; };
		C3C0CF571AEA104C006BCA1A /* CTSRefreshWebView.m */ = {isa = PBXFileReference; fileEncoding = 4; lastKnownFileType = sourcecode.c.objc; path = CTSRefreshWebView.m; sourceTree = "<group>"; };
/* End PBXFileReference section */

/* Begin PBXFrameworksBuildPhase section */
		C3A22C221AE78B7A000ECCBC /* Frameworks */ = {
			isa = PBXFrameworksBuildPhase;
			buildActionMask = 2147483647;
			files = (
			);
			runOnlyForDeploymentPostprocessing = 0;
		};
		C3A22C3B1AE78B7A000ECCBC /* Frameworks */ = {
			isa = PBXFrameworksBuildPhase;
			buildActionMask = 2147483647;
			files = (
			);
			runOnlyForDeploymentPostprocessing = 0;
		};
/* End PBXFrameworksBuildPhase section */

/* Begin PBXGroup section */
		C3A22C1C1AE78B7A000ECCBC = {
			isa = PBXGroup;
			children = (
				C3A22C271AE78B7A000ECCBC /* LoadingAnimationTest */,
				C3A22C411AE78B7A000ECCBC /* LoadingAnimationTestTests */,
				C3A22C261AE78B7A000ECCBC /* Products */,
			);
			sourceTree = "<group>";
		};
		C3A22C261AE78B7A000ECCBC /* Products */ = {
			isa = PBXGroup;
			children = (
				C3A22C251AE78B7A000ECCBC /* LoadingAnimationTest.app */,
				C3A22C3E1AE78B7A000ECCBC /* LoadingAnimationTestTests.xctest */,
			);
			name = Products;
			sourceTree = "<group>";
		};
		C3A22C271AE78B7A000ECCBC /* LoadingAnimationTest */ = {
			isa = PBXGroup;
			children = (
				C3A22C571AE8BFB0000ECCBC /* DRAnimationBlockDelegate.h */,
				C3A22C581AE8BFB0000ECCBC /* DRAnimationBlockDelegate.m */,
				C3A22C2C1AE78B7A000ECCBC /* AppDelegate.h */,
				C3A22C2D1AE78B7A000ECCBC /* AppDelegate.m */,
				C3A22C2F1AE78B7A000ECCBC /* ViewController.h */,
				C3A22C301AE78B7A000ECCBC /* ViewController.m */,
				C3A22C321AE78B7A000ECCBC /* Main.storyboard */,
				C3A22C351AE78B7A000ECCBC /* Images.xcassets */,
				C3A22C371AE78B7A000ECCBC /* LaunchScreen.xib */,
				C3A22C281AE78B7A000ECCBC /* Supporting Files */,
				C3A22C4E1AE78C87000ECCBC /* SpinerView.h */,
				C3A22C4F1AE78C87000ECCBC /* SpinerView.m */,
				C3A22C541AE88CB1000ECCBC /* DotView.h */,
				C3A22C551AE88CB1000ECCBC /* DotView.m */,
				C3A22C511AE88C9E000ECCBC /* CTSRefreshHeaderView.h */,
				C3A22C521AE88C9E000ECCBC /* CTSRefreshHeaderView.m */,
				C3C0CF531AE9E796006BCA1A /* CTSRefreshFooterView.h */,
				C3C0CF541AE9E796006BCA1A /* CTSRefreshFooterView.m */,
				C3C0CF561AEA104C006BCA1A /* CTSRefreshWebView.h */,
				C3C0CF571AEA104C006BCA1A /* CTSRefreshWebView.m */,
			);
			path = LoadingAnimationTest;
			sourceTree = "<group>";
		};
		C3A22C281AE78B7A000ECCBC /* Supporting Files */ = {
			isa = PBXGroup;
			children = (
				C3A22C291AE78B7A000ECCBC /* Info.plist */,
				C3A22C2A1AE78B7A000ECCBC /* main.m */,
			);
			name = "Supporting Files";
			sourceTree = "<group>";
		};
		C3A22C411AE78B7A000ECCBC /* LoadingAnimationTestTests */ = {
			isa = PBXGroup;
			children = (
				C3A22C441AE78B7A000ECCBC /* LoadingAnimationTestTests.m */,
				C3A22C421AE78B7A000ECCBC /* Supporting Files */,
			);
			path = LoadingAnimationTestTests;
			sourceTree = "<group>";
		};
		C3A22C421AE78B7A000ECCBC /* Supporting Files */ = {
			isa = PBXGroup;
			children = (
				C3A22C431AE78B7A000ECCBC /* Info.plist */,
			);
			name = "Supporting Files";
			sourceTree = "<group>";
		};
/* End PBXGroup section */

/* Begin PBXNativeTarget section */
		C3A22C241AE78B7A000ECCBC /* LoadingAnimationTest */ = {
			isa = PBXNativeTarget;
			buildConfigurationList = C3A22C481AE78B7A000ECCBC /* Build configuration list for PBXNativeTarget "LoadingAnimationTest" */;
			buildPhases = (
				C3A22C211AE78B7A000ECCBC /* Sources */,
				C3A22C221AE78B7A000ECCBC /* Frameworks */,
				C3A22C231AE78B7A000ECCBC /* Resources */,
			);
			buildRules = (
			);
			dependencies = (
			);
			name = LoadingAnimationTest;
			productName = LoadingAnimationTest;
			productReference = C3A22C251AE78B7A000ECCBC /* LoadingAnimationTest.app */;
			productType = "com.apple.product-type.application";
		};
		C3A22C3D1AE78B7A000ECCBC /* LoadingAnimationTestTests */ = {
			isa = PBXNativeTarget;
			buildConfigurationList = C3A22C4B1AE78B7A000ECCBC /* Build configuration list for PBXNativeTarget "LoadingAnimationTestTests" */;
			buildPhases = (
				C3A22C3A1AE78B7A000ECCBC /* Sources */,
				C3A22C3B1AE78B7A000ECCBC /* Frameworks */,
				C3A22C3C1AE78B7A000ECCBC /* Resources */,
			);
			buildRules = (
			);
			dependencies = (
				C3A22C401AE78B7A000ECCBC /* PBXTargetDependency */,
			);
			name = LoadingAnimationTestTests;
			productName = LoadingAnimationTestTests;
			productReference = C3A22C3E1AE78B7A000ECCBC /* LoadingAnimationTestTests.xctest */;
			productType = "com.apple.product-type.bundle.unit-test";
		};
/* End PBXNativeTarget section */

/* Begin PBXProject section */
		C3A22C1D1AE78B7A000ECCBC /* Project object */ = {
			isa = PBXProject;
			attributes = {
				LastUpgradeCheck = 0620;
				ORGANIZATIONNAME = administrator;
				TargetAttributes = {
					C3A22C241AE78B7A000ECCBC = {
						CreatedOnToolsVersion = 6.2;
					};
					C3A22C3D1AE78B7A000ECCBC = {
						CreatedOnToolsVersion = 6.2;
						TestTargetID = C3A22C241AE78B7A000ECCBC;
					};
				};
			};
			buildConfigurationList = C3A22C201AE78B7A000ECCBC /* Build configuration list for PBXProject "LoadingAnimationTest" */;
			compatibilityVersion = "Xcode 3.2";
			developmentRegion = English;
			hasScannedForEncodings = 0;
			knownRegions = (
				en,
				Base,
			);
			mainGroup = C3A22C1C1AE78B7A000ECCBC;
			productRefGroup = C3A22C261AE78B7A000ECCBC /* Products */;
			projectDirPath = "";
			projectRoot = "";
			targets = (
				C3A22C241AE78B7A000ECCBC /* LoadingAnimationTest */,
				C3A22C3D1AE78B7A000ECCBC /* LoadingAnimationTestTests */,
			);
		};
/* End PBXProject section */

/* Begin PBXResourcesBuildPhase section */
		C3A22C231AE78B7A000ECCBC /* Resources */ = {
			isa = PBXResourcesBuildPhase;
			buildActionMask = 2147483647;
			files = (
				C3A22C341AE78B7A000ECCBC /* Main.storyboard in Resources */,
				C3A22C391AE78B7A000ECCBC /* LaunchScreen.xib in Resources */,
				C3A22C361AE78B7A000ECCBC /* Images.xcassets in Resources */,
			);
			runOnlyForDeploymentPostprocessing = 0;
		};
		C3A22C3C1AE78B7A000ECCBC /* Resources */ = {
			isa = PBXResourcesBuildPhase;
			buildActionMask = 2147483647;
			files = (
			);
			runOnlyForDeploymentPostprocessing = 0;
		};
/* End PBXResourcesBuildPhase section */

/* Begin PBXSourcesBuildPhase section */
		C3A22C211AE78B7A000ECCBC /* Sources */ = {
			isa = PBXSourcesBuildPhase;
			buildActionMask = 2147483647;
			files = (
				C3A22C311AE78B7A000ECCBC /* ViewController.m in Sources */,
				C3A22C531AE88C9E000ECCBC /* CTSRefreshHeaderView.m in Sources */,
				C3A22C561AE88CB1000ECCBC /* DotView.m in Sources */,
				C3C0CF581AEA104C006BCA1A /* CTSRefreshWebView.m in Sources */,
				C3A22C591AE8BFB0000ECCBC /* DRAnimationBlockDelegate.m in Sources */,
				C3C0CF551AE9E796006BCA1A /* CTSRefreshFooterView.m in Sources */,
				C3A22C2E1AE78B7A000ECCBC /* AppDelegate.m in Sources */,
				C3A22C2B1AE78B7A000ECCBC /* main.m in Sources */,
				C3A22C501AE78C87000ECCBC /* SpinerView.m in Sources */,
			);
			runOnlyForDeploymentPostprocessing = 0;
		};
		C3A22C3A1AE78B7A000ECCBC /* Sources */ = {
			isa = PBXSourcesBuildPhase;
			buildActionMask = 2147483647;
			files = (
				C3A22C451AE78B7A000ECCBC /* LoadingAnimationTestTests.m in Sources */,
			);
			runOnlyForDeploymentPostprocessing = 0;
		};
/* End PBXSourcesBuildPhase section */

/* Begin PBXTargetDependency section */
		C3A22C401AE78B7A000ECCBC /* PBXTargetDependency */ = {
			isa = PBXTargetDependency;
			target = C3A22C241AE78B7A000ECCBC /* LoadingAnimationTest */;
			targetProxy = C3A22C3F1AE78B7A000ECCBC /* PBXContainerItemProxy */;
		};
/* End PBXTargetDependency section */

/* Begin PBXVariantGroup section */
		C3A22C321AE78B7A000ECCBC /* Main.storyboard */ = {
			isa = PBXVariantGroup;
			children = (
				C3A22C331AE78B7A000ECCBC /* Base */,
			);
			name = Main.storyboard;
			sourceTree = "<group>";
		};
		C3A22C371AE78B7A000ECCBC /* LaunchScreen.xib */ = {
			isa = PBXVariantGroup;
			children = (
				C3A22C381AE78B7A000ECCBC /* Base */,
			);
			name = LaunchScreen.xib;
			sourceTree = "<group>";
		};
/* End PBXVariantGroup section */

/* Begin XCBuildConfiguration section */
		C3A22C461AE78B7A000ECCBC /* Debug */ = {
			isa = XCBuildConfiguration;
			buildSettings = {
				ALWAYS_SEARCH_USER_PATHS = NO;
				CLANG_CXX_LANGUAGE_STANDARD = "gnu++0x";
				CLANG_CXX_LIBRARY = "libc++";
				CLANG_ENABLE_MODULES = YES;
				CLANG_ENABLE_OBJC_ARC = YES;
				CLANG_WARN_BOOL_CONVERSION = YES;
				CLANG_WARN_CONSTANT_CONVERSION = YES;
				CLANG_WARN_DIRECT_OBJC_ISA_USAGE = YES_ERROR;
				CLANG_WARN_EMPTY_BODY = YES;
				CLANG_WARN_ENUM_CONVERSION = YES;
				CLANG_WARN_INT_CONVERSION = YES;
				CLANG_WARN_OBJC_ROOT_CLASS = YES_ERROR;
				CLANG_WARN_UNREACHABLE_CODE = YES;
				CLANG_WARN__DUPLICATE_METHOD_MATCH = YES;
				"CODE_SIGN_IDENTITY[sdk=iphoneos*]" = "iPhone Developer";
				COPY_PHASE_STRIP = NO;
				ENABLE_STRICT_OBJC_MSGSEND = YES;
				GCC_C_LANGUAGE_STANDARD = gnu99;
				GCC_DYNAMIC_NO_PIC = NO;
				GCC_OPTIMIZATION_LEVEL = 0;
				GCC_PREPROCESSOR_DEFINITIONS = (
					"DEBUG=1",
					"$(inherited)",
				);
				GCC_SYMBOLS_PRIVATE_EXTERN = NO;
				GCC_WARN_64_TO_32_BIT_CONVERSION = YES;
				GCC_WARN_ABOUT_RETURN_TYPE = YES_ERROR;
				GCC_WARN_UNDECLARED_SELECTOR = YES;
				GCC_WARN_UNINITIALIZED_AUTOS = YES_AGGRESSIVE;
				GCC_WARN_UNUSED_FUNCTION = YES;
				GCC_WARN_UNUSED_VARIABLE = YES;
				IPHONEOS_DEPLOYMENT_TARGET = 8.2;
				MTL_ENABLE_DEBUG_INFO = YES;
				ONLY_ACTIVE_ARCH = YES;
				SDKROOT = iphoneos;
				TARGETED_DEVICE_FAMILY = "1,2";
			};
			name = Debug;
		};
		C3A22C471AE78B7A000ECCBC /* Release */ = {
			isa = XCBuildConfiguration;
			buildSettings = {
				ALWAYS_SEARCH_USER_PATHS = NO;
				CLANG_CXX_LANGUAGE_STANDARD = "gnu++0x";
				CLANG_CXX_LIBRARY = "libc++";
				CLANG_ENABLE_MODULES = YES;
				CLANG_ENABLE_OBJC_ARC = YES;
				CLANG_WARN_BOOL_CONVERSION = YES;
				CLANG_WARN_CONSTANT_CONVERSION = YES;
				CLANG_WARN_DIRECT_OBJC_ISA_USAGE = YES_ERROR;
				CLANG_WARN_EMPTY_BODY = YES;
				CLANG_WARN_ENUM_CONVERSION = YES;
				CLANG_WARN_INT_CONVERSION = YES;
				CLANG_WARN_OBJC_ROOT_CLASS = YES_ERROR;
				CLANG_WARN_UNREACHABLE_CODE = YES;
				CLANG_WARN__DUPLICATE_METHOD_MATCH = YES;
				"CODE_SIGN_IDENTITY[sdk=iphoneos*]" = "iPhone Developer";
				COPY_PHASE_STRIP = NO;
				ENABLE_NS_ASSERTIONS = NO;
				ENABLE_STRICT_OBJC_MSGSEND = YES;
				GCC_C_LANGUAGE_STANDARD = gnu99;
				GCC_WARN_64_TO_32_BIT_CONVERSION = YES;
				GCC_WARN_ABOUT_RETURN_TYPE = YES_ERROR;
				GCC_WARN_UNDECLARED_SELECTOR = YES;
				GCC_WARN_UNINITIALIZED_AUTOS = YES_AGGRESSIVE;
				GCC_WARN_UNUSED_FUNCTION = YES;
				GCC_WARN_UNUSED_VARIABLE = YES;
				IPHONEOS_DEPLOYMENT_TARGET = 8.2;
				MTL_ENABLE_DEBUG_INFO = NO;
				SDKROOT = iphoneos;
				TARGETED_DEVICE_FAMILY = "1,2";
				VALIDATE_PRODUCT = YES;
			};
			name = Release;
		};
		C3A22C491AE78B7A000ECCBC /* Debug */ = {
			isa = XCBuildConfiguration;
			buildSettings = {
				ASSETCATALOG_COMPILER_APPICON_NAME = AppIcon;
				CODE_SIGN_IDENTITY = "iPhone Developer: XU YUNHUI (7VDU7XTL48)";
				INFOPLIST_FILE = LoadingAnimationTest/Info.plist;
				LD_RUNPATH_SEARCH_PATHS = "$(inherited) @executable_path/Frameworks";
				PRODUCT_NAME = "$(TARGET_NAME)";
				PROVISIONING_PROFILE = "e73aaac2-4026-494e-b975-ae95f24feeb1";
			};
			name = Debug;
		};
		C3A22C4A1AE78B7A000ECCBC /* Release */ = {
			isa = XCBuildConfiguration;
			buildSettings = {
				ASSETCATALOG_COMPILER_APPICON_NAME = AppIcon;
				CODE_SIGN_IDENTITY = "iPhone Developer: XU YUNHUI (7VDU7XTL48)";
				INFOPLIST_FILE = LoadingAnimationTest/Info.plist;
				LD_RUNPATH_SEARCH_PATHS = "$(inherited) @executable_path/Frameworks";
				PRODUCT_NAME = "$(TARGET_NAME)";
				PROVISIONING_PROFILE = "e73aaac2-4026-494e-b975-ae95f24feeb1";
			};
			name = Release;
		};
		C3A22C4C1AE78B7A000ECCBC /* Debug */ = {
			isa = XCBuildConfiguration;
			buildSettings = {
				BUNDLE_LOADER = "$(TEST_HOST)";
				FRAMEWORK_SEARCH_PATHS = (
					"$(SDKROOT)/Developer/Library/Frameworks",
					"$(inherited)",
				);
				GCC_PREPROCESSOR_DEFINITIONS = (
					"DEBUG=1",
					"$(inherited)",
				);
				INFOPLIST_FILE = LoadingAnimationTestTests/Info.plist;
				LD_RUNPATH_SEARCH_PATHS = "$(inherited) @executable_path/Frameworks @loader_path/Frameworks";
				PRODUCT_NAME = "$(TARGET_NAME)";
				TEST_HOST = "$(BUILT_PRODUCTS_DIR)/LoadingAnimationTest.app/LoadingAnimationTest";
			};
			name = Debug;
		};
		C3A22C4D1AE78B7A000ECCBC /* Release */ = {
			isa = XCBuildConfiguration;
			buildSettings = {
				BUNDLE_LOADER = "$(TEST_HOST)";
				FRAMEWORK_SEARCH_PATHS = (
					"$(SDKROOT)/Developer/Library/Frameworks",
					"$(inherited)",
				);
				INFOPLIST_FILE = LoadingAnimationTestTests/Info.plist;
				LD_RUNPATH_SEARCH_PATHS = "$(inherited) @executable_path/Frameworks @loader_path/Frameworks";
				PRODUCT_NAME = "$(TARGET_NAME)";
				TEST_HOST = "$(BUILT_PRODUCTS_DIR)/LoadingAnimationTest.app/LoadingAnimationTest";
			};
			name = Release;
		};
/* End XCBuildConfiguration section */

/* Begin XCConfigurationList section */
		C3A22C201AE78B7A000ECCBC /* Build configuration list for PBXProject "LoadingAnimationTest" */ = {
			isa = XCConfigurationList;
			buildConfigurations = (
				C3A22C461AE78B7A000ECCBC /* Debug */,
				C3A22C471AE78B7A000ECCBC /* Release */,
			);
			defaultConfigurationIsVisible = 0;
			defaultConfigurationName = Release;
		};
		C3A22C481AE78B7A000ECCBC /* Build configuration list for PBXNativeTarget "LoadingAnimationTest" */ = {
			isa = XCConfigurationList;
			buildConfigurations = (
				C3A22C491AE78B7A000ECCBC /* Debug */,
				C3A22C4A1AE78B7A000ECCBC /* Release */,
			);
			defaultConfigurationIsVisible = 0;
			defaultConfigurationName = Release;
		};
		C3A22C4B1AE78B7A000ECCBC /* Build configuration list for PBXNativeTarget "LoadingAnimationTestTests" */ = {
			isa = XCConfigurationList;
			buildConfigurations = (
				C3A22C4C1AE78B7A000ECCBC /* Debug */,
				C3A22C4D1AE78B7A000ECCBC /* Release */,
			);
			defaultConfigurationIsVisible = 0;
			defaultConfigurationName = Release;
		};
/* End XCConfigurationList section */
	};
	rootObject = C3A22C1D1AE78B7A000ECCBC /* Project object */;
}
